
Microsoft Visual Studio Solution File, Format Version 12.00
# Visual Studio Version 17
VisualStudioVersion = 17.5.002.0
MinimumVisualStudioVersion = 10.0.40219.1
Project("{9A19103F-16F7-4668-BE54-9A1E7A4F7556}") = "practica6-AlvinRHD", "practica6-AlvinRHD.csproj", "{6FA9333C-BFFE-4DE8-93E7-4EB966492478}"
EndProject
Global
	GlobalSection(SolutionConfigurationPlatforms) = preSolution
		Debug|Any CPU = Debug|Any CPU
		Release|Any CPU = Release|Any CPU
	EndGlobalSection
	GlobalSection(ProjectConfigurationPlatforms) = postSolution
		{6FA9333C-BFFE-4DE8-93E7-4EB966492478}.Debug|Any CPU.ActiveCfg = Debug|Any CPU
		{6FA9333C-BFFE-4DE8-93E7-4EB966492478}.Debug|Any CPU.Build.0 = Debug|Any CPU
		{6FA9333C-BFFE-4DE8-93E7-4EB966492478}.Release|Any CPU.ActiveCfg = Release|Any CPU
		{6FA9333C-BFFE-4DE8-93E7-4EB966492478}.Release|Any CPU.Build.0 = Release|Any CPU
	EndGlobalSection
	GlobalSection(SolutionProperties) = preSolution
		HideSolutionNode = FALSE
	EndGlobalSection
	GlobalSection(ExtensibilityGlobals) = postSolution
		SolutionGuid = {72751A6C-5D01-4CBF-9859-234BD9F7081F}
	EndGlobalSection
EndGlobal
